
Microsoft Visual Studio Solution File, Format Version 12.00
# Visual Studio Version 16
VisualStudioVersion = 16.0.31402.337
MinimumVisualStudioVersion = 10.0.40219.1
Project("{2150E333-8FDC-42A3-9474-1A3956D46DE8}") = "src", "src", "{08540DD6-4598-4AF4-B643-A25F7AC6E730}"
EndProject
Project("{9A19103F-16F7-4668-BE54-9A1E7A4F7556}") = "IT.Valor.Server", "IT.Valor\Server\IT.Valor.Server.csproj", "{C1991258-99D0-455E-99F0-FC2D7317AAC4}"
EndProject
Project("{9A19103F-16F7-4668-BE54-9A1E7A4F7556}") = "IT.Valor.Client", "IT.Valor\Client\IT.Valor.Client.csproj", "{D88D735A-CBDD-4F1A-BBD9-21C8E249F78C}"
EndProject
Project("{9A19103F-16F7-4668-BE54-9A1E7A4F7556}") = "IT.Valor.Infrastructure", "IT.Valor.Infrastructure\IT.Valor.Infrastructure.csproj", "{7C47A980-1886-42F8-BF72-7F22ADBEF027}"
EndProject
Project("{9A19103F-16F7-4668-BE54-9A1E7A4F7556}") = "IT.Valor.Core", "IT.Valor.Core\IT.Valor.Core.csproj", "{4A2917B4-67CC-4B40-9469-B84D9EA4C37C}"
EndProject
Project("{9A19103F-16F7-4668-BE54-9A1E7A4F7556}") = "IT.Valor.Common", "IT.Valor.Common\IT.Valor.Common.csproj", "{0D84303D-36B8-46C3-ADC5-8E55FCF33526}"
EndProject
Global
	GlobalSection(SolutionConfigurationPlatforms) = preSolution
		Debug|Any CPU = Debug|Any CPU
		Release|Any CPU = Release|Any CPU
	EndGlobalSection
	GlobalSection(ProjectConfigurationPlatforms) = postSolution
		{C1991258-99D0-455E-99F0-FC2D7317AAC4}.Debug|Any CPU.ActiveCfg = Debug|Any CPU
		{C1991258-99D0-455E-99F0-FC2D7317AAC4}.Debug|Any CPU.Build.0 = Debug|Any CPU
		{C1991258-99D0-455E-99F0-FC2D7317AAC4}.Release|Any CPU.ActiveCfg = Release|Any CPU
		{C1991258-99D0-455E-99F0-FC2D7317AAC4}.Release|Any CPU.Build.0 = Release|Any CPU
		{D88D735A-CBDD-4F1A-BBD9-21C8E249F78C}.Debug|Any CPU.ActiveCfg = Debug|Any CPU
		{D88D735A-CBDD-4F1A-BBD9-21C8E249F78C}.Debug|Any CPU.Build.0 = Debug|Any CPU
		{D88D735A-CBDD-4F1A-BBD9-21C8E249F78C}.Release|Any CPU.ActiveCfg = Release|Any CPU
		{D88D735A-CBDD-4F1A-BBD9-21C8E249F78C}.Release|Any CPU.Build.0 = Release|Any CPU
		{7C47A980-1886-42F8-BF72-7F22ADBEF027}.Debug|Any CPU.ActiveCfg = Debug|Any CPU
		{7C47A980-1886-42F8-BF72-7F22ADBEF027}.Debug|Any CPU.Build.0 = Debug|Any CPU
		{7C47A980-1886-42F8-BF72-7F22ADBEF027}.Release|Any CPU.ActiveCfg = Release|Any CPU
		{7C47A980-1886-42F8-BF72-7F22ADBEF027}.Release|Any CPU.Build.0 = Release|Any CPU
		{4A2917B4-67CC-4B40-9469-B84D9EA4C37C}.Debug|Any CPU.ActiveCfg = Debug|Any CPU
		{4A2917B4-67CC-4B40-9469-B84D9EA4C37C}.Debug|Any CPU.Build.0 = Debug|Any CPU
		{4A2917B4-67CC-4B40-9469-B84D9EA4C37C}.Release|Any CPU.ActiveCfg = Release|Any CPU
		{4A2917B4-67CC-4B40-9469-B84D9EA4C37C}.Release|Any CPU.Build.0 = Release|Any CPU
		{0D84303D-36B8-46C3-ADC5-8E55FCF33526}.Debug|Any CPU.ActiveCfg = Debug|Any CPU
		{0D84303D-36B8-46C3-ADC5-8E55FCF33526}.Debug|Any CPU.Build.0 = Debug|Any CPU
		{0D84303D-36B8-46C3-ADC5-8E55FCF33526}.Release|Any CPU.ActiveCfg = Release|Any CPU
		{0D84303D-36B8-46C3-ADC5-8E55FCF33526}.Release|Any CPU.Build.0 = Release|Any CPU
	EndGlobalSection
	GlobalSection(SolutionProperties) = preSolution
		HideSolutionNode = FALSE
	EndGlobalSection
	GlobalSection(NestedProjects) = preSolution
		{C1991258-99D0-455E-99F0-FC2D7317AAC4} = {08540DD6-4598-4AF4-B643-A25F7AC6E730}
		{D88D735A-CBDD-4F1A-BBD9-21C8E249F78C} = {08540DD6-4598-4AF4-B643-A25F7AC6E730}
		{7C47A980-1886-42F8-BF72-7F22ADBEF027} = {08540DD6-4598-4AF4-B643-A25F7AC6E730}
		{4A2917B4-67CC-4B40-9469-B84D9EA4C37C} = {08540DD6-4598-4AF4-B643-A25F7AC6E730}
		{0D84303D-36B8-46C3-ADC5-8E55FCF33526} = {08540DD6-4598-4AF4-B643-A25F7AC6E730}
	EndGlobalSection
	GlobalSection(ExtensibilityGlobals) = postSolution
		SolutionGuid = {87951956-F794-45C5-978A-0CF7114F34AF}
	EndGlobalSection
EndGlobal
